
Microsoft Visual Studio Solution File, Format Version 12.00
# Visual Studio Version 17
VisualStudioVersion = 17.13.35818.85 d17.13
MinimumVisualStudioVersion = 10.0.40219.1
Project("{FAE04EC0-301F-11D3-BF4B-00C04F79EFBC}") = "Lendspace", "Lendspace2\Lendspace.csproj", "{3A213C47-DB6B-48F7-9D85-7CE75EFEAA47}"
EndProject
Global
	GlobalSection(SolutionConfigurationPlatforms) = preSolution
		Debug|Any CPU = Debug|Any CPU
		Release|Any CPU = Release|Any CPU
	EndGlobalSection
	GlobalSection(ProjectConfigurationPlatforms) = postSolution
		{3A213C47-DB6B-48F7-9D85-7CE75EFEAA47}.Debug|Any CPU.ActiveCfg = Debug|Any CPU
		{3A213C47-DB6B-48F7-9D85-7CE75EFEAA47}.Debug|Any CPU.Build.0 = Debug|Any CPU
		{3A213C47-DB6B-48F7-9D85-7CE75EFEAA47}.Release|Any CPU.ActiveCfg = Release|Any CPU
		{3A213C47-DB6B-48F7-9D85-7CE75EFEAA47}.Release|Any CPU.Build.0 = Release|Any CPU
	EndGlobalSection
	GlobalSection(SolutionProperties) = preSolution
		HideSolutionNode = FALSE
	EndGlobalSection
	GlobalSection(ExtensibilityGlobals) = postSolution
		SolutionGuid = {71F44E78-ED56-4B9D-AC0F-42B3768633E2}
	EndGlobalSection
EndGlobal
